
Microsoft Visual Studio Solution File, Format Version 12.00
# Visual Studio Version 16
VisualStudioVersion = 16.0.30503.244
MinimumVisualStudioVersion = 10.0.40219.1
Project("{9A19103F-16F7-4668-BE54-9A1E7A4F7556}") = "UnitTestProject1", "UnitTestProject1\UnitTestProject1.csproj", "{466CF46A-E0A4-48F1-87E2-A2D045C2D8E7}"
EndProject
Project("{9A19103F-16F7-4668-BE54-9A1E7A4F7556}") = "Application", "Application\Application.csproj", "{1E5F36DB-DCF1-4B7A-A815-F9D5B3EBB5E8}"
EndProject
Project("{9A19103F-16F7-4668-BE54-9A1E7A4F7556}") = "UrbanXToolsAPI", "UrbanXToolsAPI\UrbanXToolsAPI.csproj", "{9970ECB9-2AB8-4850-8AB3-1B8E954990F4}"
EndProject
Project("{FAE04EC0-301F-11D3-BF4B-00C04F79EFBC}") = "UrbanX", "UrbanX\UrbanX.csproj", "{0308C779-71E3-41CB-886E-AD4799BBAE31}"
EndProject
Project("{FAE04EC0-301F-11D3-BF4B-00C04F79EFBC}") = "UrbanX_GH", "UrbanX_GH\UrbanX_GH.csproj", "{664920D5-F09F-4614-A01F-EC3BA81E3CF9}"
EndProject
Project("{FAE04EC0-301F-11D3-BF4B-00C04F79EFBC}") = "Rhino_SUManager", "SketchUpNET\SketchUpNETConsole\Rhino_SUManager.csproj", "{22367EBD-AACB-4494-B909-40FC5E83FCAC}"
EndProject
Project("{8BC9CEB8-8B4A-11D0-8D11-00A0C91BC942}") = "SketchUpNET", "SketchUpNET\SketchUpNET\SketchUpNET.vcxproj", "{1C4D4501-EB39-45C8-BED0-609A978E823F}"
EndProject
Global
	GlobalSection(SolutionConfigurationPlatforms) = preSolution
		Debug|Any CPU = Debug|Any CPU
		Debug|x64 = Debug|x64
		Debug|x86 = Debug|x86
		Release|Any CPU = Release|Any CPU
		Release|x64 = Release|x64
		Release|x86 = Release|x86
	EndGlobalSection
	GlobalSection(ProjectConfigurationPlatforms) = postSolution
		{466CF46A-E0A4-48F1-87E2-A2D045C2D8E7}.Debug|Any CPU.ActiveCfg = Debug|Any CPU
		{466CF46A-E0A4-48F1-87E2-A2D045C2D8E7}.Debug|Any CPU.Build.0 = Debug|Any CPU
		{466CF46A-E0A4-48F1-87E2-A2D045C2D8E7}.Debug|x64.ActiveCfg = Debug|Any CPU
		{466CF46A-E0A4-48F1-87E2-A2D045C2D8E7}.Debug|x64.Build.0 = Debug|Any CPU
		{466CF46A-E0A4-48F1-87E2-A2D045C2D8E7}.Debug|x86.ActiveCfg = Debug|Any CPU
		{466CF46A-E0A4-48F1-87E2-A2D045C2D8E7}.Debug|x86.Build.0 = Debug|Any CPU
		{466CF46A-E0A4-48F1-87E2-A2D045C2D8E7}.Release|Any CPU.ActiveCfg = Release|Any CPU
		{466CF46A-E0A4-48F1-87E2-A2D045C2D8E7}.Release|Any CPU.Build.0 = Release|Any CPU
		{466CF46A-E0A4-48F1-87E2-A2D045C2D8E7}.Release|x64.ActiveCfg = Release|Any CPU
		{466CF46A-E0A4-48F1-87E2-A2D045C2D8E7}.Release|x64.Build.0 = Release|Any CPU
		{466CF46A-E0A4-48F1-87E2-A2D045C2D8E7}.Release|x86.ActiveCfg = Release|Any CPU
		{466CF46A-E0A4-48F1-87E2-A2D045C2D8E7}.Release|x86.Build.0 = Release|Any CPU
		{1E5F36DB-DCF1-4B7A-A815-F9D5B3EBB5E8}.Debug|Any CPU.ActiveCfg = Debug|Any CPU
		{1E5F36DB-DCF1-4B7A-A815-F9D5B3EBB5E8}.Debug|Any CPU.Build.0 = Debug|Any CPU
		{1E5F36DB-DCF1-4B7A-A815-F9D5B3EBB5E8}.Debug|x64.ActiveCfg = Debug|Any CPU
		{1E5F36DB-DCF1-4B7A-A815-F9D5B3EBB5E8}.Debug|x64.Build.0 = Debug|Any CPU
		{1E5F36DB-DCF1-4B7A-A815-F9D5B3EBB5E8}.Debug|x86.ActiveCfg = Debug|Any CPU
		{1E5F36DB-DCF1-4B7A-A815-F9D5B3EBB5E8}.Debug|x86.Build.0 = Debug|Any CPU
		{1E5F36DB-DCF1-4B7A-A815-F9D5B3EBB5E8}.Release|Any CPU.ActiveCfg = Release|Any CPU
		{1E5F36DB-DCF1-4B7A-A815-F9D5B3EBB5E8}.Release|Any CPU.Build.0 = Release|Any CPU
		{1E5F36DB-DCF1-4B7A-A815-F9D5B3EBB5E8}.Release|x64.ActiveCfg = Release|Any CPU
		{1E5F36DB-DCF1-4B7A-A815-F9D5B3EBB5E8}.Release|x64.Build.0 = Release|Any CPU
		{1E5F36DB-DCF1-4B7A-A815-F9D5B3EBB5E8}.Release|x86.ActiveCfg = Release|Any CPU
		{1E5F36DB-DCF1-4B7A-A815-F9D5B3EBB5E8}.Release|x86.Build.0 = Release|Any CPU
		{9970ECB9-2AB8-4850-8AB3-1B8E954990F4}.Debug|Any CPU.ActiveCfg = Debug|Any CPU
		{9970ECB9-2AB8-4850-8AB3-1B8E954990F4}.Debug|Any CPU.Build.0 = Debug|Any CPU
		{9970ECB9-2AB8-4850-8AB3-1B8E954990F4}.Debug|x64.ActiveCfg = Debug|Any CPU
		{9970ECB9-2AB8-4850-8AB3-1B8E954990F4}.Debug|x64.Build.0 = Debug|Any CPU
		{9970ECB9-2AB8-4850-8AB3-1B8E954990F4}.Debug|x86.ActiveCfg = Debug|Any CPU
		{9970ECB9-2AB8-4850-8AB3-1B8E954990F4}.Debug|x86.Build.0 = Debug|Any CPU
		{9970ECB9-2AB8-4850-8AB3-1B8E954990F4}.Release|Any CPU.ActiveCfg = Release|Any CPU
		{9970ECB9-2AB8-4850-8AB3-1B8E954990F4}.Release|Any CPU.Build.0 = Release|Any CPU
		{9970ECB9-2AB8-4850-8AB3-1B8E954990F4}.Release|x64.ActiveCfg = Release|Any CPU
		{9970ECB9-2AB8-4850-8AB3-1B8E954990F4}.Release|x64.Build.0 = Release|Any CPU
		{9970ECB9-2AB8-4850-8AB3-1B8E954990F4}.Release|x86.ActiveCfg = Release|Any CPU
		{9970ECB9-2AB8-4850-8AB3-1B8E954990F4}.Release|x86.Build.0 = Release|Any CPU
		{0308C779-71E3-41CB-886E-AD4799BBAE31}.Debug|Any CPU.ActiveCfg = Debug|Any CPU
		{0308C779-71E3-41CB-886E-AD4799BBAE31}.Debug|Any CPU.Build.0 = Debug|Any CPU
		{0308C779-71E3-41CB-886E-AD4799BBAE31}.Debug|x64.ActiveCfg = Debug|Any CPU
		{0308C779-71E3-41CB-886E-AD4799BBAE31}.Debug|x64.Build.0 = Debug|Any CPU
		{0308C779-71E3-41CB-886E-AD4799BBAE31}.Debug|x86.ActiveCfg = Debug|Any CPU
		{0308C779-71E3-41CB-886E-AD4799BBAE31}.Debug|x86.Build.0 = Debug|Any CPU
		{0308C779-71E3-41CB-886E-AD4799BBAE31}.Release|Any CPU.ActiveCfg = Release|Any CPU
		{0308C779-71E3-41CB-886E-AD4799BBAE31}.Release|Any CPU.Build.0 = Release|Any CPU
		{0308C779-71E3-41CB-886E-AD4799BBAE31}.Release|x64.ActiveCfg = Release|Any CPU
		{0308C779-71E3-41CB-886E-AD4799BBAE31}.Release|x64.Build.0 = Release|Any CPU
		{0308C779-71E3-41CB-886E-AD4799BBAE31}.Release|x86.ActiveCfg = Release|Any CPU
		{0308C779-71E3-41CB-886E-AD4799BBAE31}.Release|x86.Build.0 = Release|Any CPU
		{664920D5-F09F-4614-A01F-EC3BA81E3CF9}.Debug|Any CPU.ActiveCfg = Debug|Any CPU
		{664920D5-F09F-4614-A01F-EC3BA81E3CF9}.Debug|Any CPU.Build.0 = Debug|Any CPU
		{664920D5-F09F-4614-A01F-EC3BA81E3CF9}.Debug|x64.ActiveCfg = Debug|Any CPU
		{664920D5-F09F-4614-A01F-EC3BA81E3CF9}.Debug|x64.Build.0 = Debug|Any CPU
		{664920D5-F09F-4614-A01F-EC3BA81E3CF9}.Debug|x86.ActiveCfg = Debug|Any CPU
		{664920D5-F09F-4614-A01F-EC3BA81E3CF9}.Debug|x86.Build.0 = Debug|Any CPU
		{664920D5-F09F-4614-A01F-EC3BA81E3CF9}.Release|Any CPU.ActiveCfg = Release|Any CPU
		{664920D5-F09F-4614-A01F-EC3BA81E3CF9}.Release|Any CPU.Build.0 = Release|Any CPU
		{664920D5-F09F-4614-A01F-EC3BA81E3CF9}.Release|x64.ActiveCfg = Release|Any CPU
		{664920D5-F09F-4614-A01F-EC3BA81E3CF9}.Release|x64.Build.0 = Release|Any CPU
		{664920D5-F09F-4614-A01F-EC3BA81E3CF9}.Release|x86.ActiveCfg = Release|Any CPU
		{664920D5-F09F-4614-A01F-EC3BA81E3CF9}.Release|x86.Build.0 = Release|Any CPU
		{22367EBD-AACB-4494-B909-40FC5E83FCAC}.Debug|Any CPU.ActiveCfg = Debug|Any CPU
		{22367EBD-AACB-4494-B909-40FC5E83FCAC}.Debug|Any CPU.Build.0 = Debug|Any CPU
		{22367EBD-AACB-4494-B909-40FC5E83FCAC}.Debug|x64.ActiveCfg = Debug|Any CPU
		{22367EBD-AACB-4494-B909-40FC5E83FCAC}.Debug|x64.Build.0 = Debug|Any CPU
		{22367EBD-AACB-4494-B909-40FC5E83FCAC}.Debug|x86.ActiveCfg = Debug|Any CPU
		{22367EBD-AACB-4494-B909-40FC5E83FCAC}.Debug|x86.Build.0 = Debug|Any CPU
		{22367EBD-AACB-4494-B909-40FC5E83FCAC}.Release|Any CPU.ActiveCfg = Release|Any CPU
		{22367EBD-AACB-4494-B909-40FC5E83FCAC}.Release|Any CPU.Build.0 = Release|Any CPU
		{22367EBD-AACB-4494-B909-40FC5E83FCAC}.Release|x64.ActiveCfg = Release|Any CPU
		{22367EBD-AACB-4494-B909-40FC5E83FCAC}.Release|x64.Build.0 = Release|Any CPU
		{22367EBD-AACB-4494-B909-40FC5E83FCAC}.Release|x86.ActiveCfg = Release|Any CPU
		{22367EBD-AACB-4494-B909-40FC5E83FCAC}.Release|x86.Build.0 = Release|Any CPU
		{1C4D4501-EB39-45C8-BED0-609A978E823F}.Debug|Any CPU.ActiveCfg = Debug|Win32
		{1C4D4501-EB39-45C8-BED0-609A978E823F}.Debug|x64.ActiveCfg = Debug|x64
		{1C4D4501-EB39-45C8-BED0-609A978E823F}.Debug|x64.Build.0 = Debug|x64
		{1C4D4501-EB39-45C8-BED0-609A978E823F}.Debug|x86.ActiveCfg = Debug|Win32
		{1C4D4501-EB39-45C8-BED0-609A978E823F}.Debug|x86.Build.0 = Debug|Win32
		{1C4D4501-EB39-45C8-BED0-609A978E823F}.Release|Any CPU.ActiveCfg = Release|Win32
		{1C4D4501-EB39-45C8-BED0-609A978E823F}.Release|x64.ActiveCfg = Release|x64
		{1C4D4501-EB39-45C8-BED0-609A978E823F}.Release|x64.Build.0 = Release|x64
		{1C4D4501-EB39-45C8-BED0-609A978E823F}.Release|x86.ActiveCfg = Release|Win32
		{1C4D4501-EB39-45C8-BED0-609A978E823F}.Release|x86.Build.0 = Release|Win32
	EndGlobalSection
	GlobalSection(SolutionProperties) = preSolution
		HideSolutionNode = FALSE
	EndGlobalSection
	GlobalSection(ExtensibilityGlobals) = postSolution
		SolutionGuid = {347C2B62-C1DD-480B-90F9-1FA651A258C7}
	EndGlobalSection
EndGlobal
